
Microsoft Visual Studio Solution File, Format Version 12.00
# Visual Studio Version 16
VisualStudioVersion = 16.0.31321.278
MinimumVisualStudioVersion = 10.0.40219.1
Project("{FAE04EC0-301F-11D3-BF4B-00C04F79EFBC}") = "CrackingCodingInterview", "CrackingCodingInterview\CrackingCodingInterview.csproj", "{9ECCE459-77ED-430F-B469-9233922449F0}"
EndProject
Project("{FAE04EC0-301F-11D3-BF4B-00C04F79EFBC}") = "CrackingCodingInterview.Test", "CrackingCodingInterview.Test\CrackingCodingInterview.Test.csproj", "{72BB8B1E-B781-4B2A-908F-D1288AD3BE2D}"
EndProject
Global
	GlobalSection(SolutionConfigurationPlatforms) = preSolution
		Debug|Any CPU = Debug|Any CPU
		Release|Any CPU = Release|Any CPU
	EndGlobalSection
	GlobalSection(ProjectConfigurationPlatforms) = postSolution
		{9ECCE459-77ED-430F-B469-9233922449F0}.Debug|Any CPU.ActiveCfg = Debug|Any CPU
		{9ECCE459-77ED-430F-B469-9233922449F0}.Debug|Any CPU.Build.0 = Debug|Any CPU
		{9ECCE459-77ED-430F-B469-9233922449F0}.Release|Any CPU.ActiveCfg = Release|Any CPU
		{9ECCE459-77ED-430F-B469-9233922449F0}.Release|Any CPU.Build.0 = Release|Any CPU
		{72BB8B1E-B781-4B2A-908F-D1288AD3BE2D}.Debug|Any CPU.ActiveCfg = Debug|Any CPU
		{72BB8B1E-B781-4B2A-908F-D1288AD3BE2D}.Debug|Any CPU.Build.0 = Debug|Any CPU
		{72BB8B1E-B781-4B2A-908F-D1288AD3BE2D}.Release|Any CPU.ActiveCfg = Release|Any CPU
		{72BB8B1E-B781-4B2A-908F-D1288AD3BE2D}.Release|Any CPU.Build.0 = Release|Any CPU
	EndGlobalSection
	GlobalSection(SolutionProperties) = preSolution
		HideSolutionNode = FALSE
	EndGlobalSection
	GlobalSection(ExtensibilityGlobals) = postSolution
		SolutionGuid = {77783754-EECD-469D-92CD-CE42C91CB2AF}
	EndGlobalSection
EndGlobal
